// !$*UTF8*$!
{
	archiveVersion = 1;
	classes = {
	};
	objectVersion = 46;
	objects = {

/* Begin PBXBuildFile section */
		29C63965501CBD4771C78781 /* Pods_ios_sdk_swift_examples.framework in Frameworks */ = {isa = PBXBuildFile; fileRef = 51BEBAA7CF12D82EF91D31DC /* Pods_ios_sdk_swift_examples.framework */; };
		BC4017AF1CBCF00D007332F4 /* AppDelegate.swift in Sources */ = {isa = PBXBuildFile; fileRef = BC4017AE1CBCF00D007332F4 /* AppDelegate.swift */; };
		BC4017B41CBCF00D007332F4 /* Main.storyboard in Resources */ = {isa = PBXBuildFile; fileRef = BC4017B21CBCF00D007332F4 /* Main.storyboard */; };
		BC4017B61CBCF00D007332F4 /* Assets.xcassets in Resources */ = {isa = PBXBuildFile; fileRef = BC4017B51CBCF00D007332F4 /* Assets.xcassets */; };
		BC4017B91CBCF00D007332F4 /* LaunchScreen.storyboard in Resources */ = {isa = PBXBuildFile; fileRef = BC4017B71CBCF00D007332F4 /* LaunchScreen.storyboard */; };
		BC6BC64C1CC4AC6E00D49D4F /* ExampleTableViewCell.swift in Sources */ = {isa = PBXBuildFile; fileRef = BC6BC64B1CC4AC6E00D49D4F /* ExampleTableViewCell.swift */; };
		BC6BC64E1CC4B0C100D49D4F /* ExampleTableViewController.swift in Sources */ = {isa = PBXBuildFile; fileRef = BC6BC64D1CC4B0C100D49D4F /* ExampleTableViewController.swift */; };
		BC6EACBA1FA86FFD001A5B11 /* IndoorOutdoorViewController.swift in Sources */ = {isa = PBXBuildFile; fileRef = BC6EACB91FA86FFD001A5B11 /* IndoorOutdoorViewController.swift */; };
		BC98A9C81CBCF10F0096B50C /* AppleMapsOverlayViewController.swift in Sources */ = {isa = PBXBuildFile; fileRef = BC98A9C71CBCF10F0096B50C /* AppleMapsOverlayViewController.swift */; };
		BC98A9CA1CBCF1210096B50C /* AppleMapsViewController.swift in Sources */ = {isa = PBXBuildFile; fileRef = BC98A9C91CBCF1210096B50C /* AppleMapsViewController.swift */; };
		BC98A9CC1CBCF12F0096B50C /* ConsoleViewController.swift in Sources */ = {isa = PBXBuildFile; fileRef = BC98A9CB1CBCF12F0096B50C /* ConsoleViewController.swift */; };
		BC98A9CE1CBCF13D0096B50C /* ImageViewController.swift in Sources */ = {isa = PBXBuildFile; fileRef = BC98A9CD1CBCF13D0096B50C /* ImageViewController.swift */; };
		BC98A9D01CBCF20B0096B50C /* ApiKeys.swift in Sources */ = {isa = PBXBuildFile; fileRef = BC98A9CF1CBCF20B0096B50C /* ApiKeys.swift */; };
/* End PBXBuildFile section */

/* Begin PBXFileReference section */
		37D70F96E9627BD7CA6C0887 /* Pods-ios-sdk-swift-examples.debug.xcconfig */ = {isa = PBXFileReference; includeInIndex = 1; lastKnownFileType = text.xcconfig; name = "Pods-ios-sdk-swift-examples.debug.xcconfig"; path = "Pods/Target Support Files/Pods-ios-sdk-swift-examples/Pods-ios-sdk-swift-examples.debug.xcconfig"; sourceTree = "<group>"; };
		3D87ADC8456ADF0CD3DD2634 /* Pods-ios-sdk-swift-examples.release.xcconfig */ = {isa = PBXFileReference; includeInIndex = 1; lastKnownFileType = text.xcconfig; name = "Pods-ios-sdk-swift-examples.release.xcconfig"; path = "Pods/Target Support Files/Pods-ios-sdk-swift-examples/Pods-ios-sdk-swift-examples.release.xcconfig"; sourceTree = "<group>"; };
		51BEBAA7CF12D82EF91D31DC /* Pods_ios_sdk_swift_examples.framework */ = {isa = PBXFileReference; explicitFileType = wrapper.framework; includeInIndex = 0; path = Pods_ios_sdk_swift_examples.framework; sourceTree = BUILT_PRODUCTS_DIR; };
		BC4017AB1CBCF00D007332F4 /* swift-examples.app */ = {isa = PBXFileReference; explicitFileType = wrapper.application; includeInIndex = 0; path = "swift-examples.app"; sourceTree = BUILT_PRODUCTS_DIR; };
		BC4017AE1CBCF00D007332F4 /* AppDelegate.swift */ = {isa = PBXFileReference; lastKnownFileType = sourcecode.swift; path = AppDelegate.swift; sourceTree = "<group>"; };
		BC4017B31CBCF00D007332F4 /* Base */ = {isa = PBXFileReference; lastKnownFileType = file.storyboard; name = Base; path = Base.lproj/Main.storyboard; sourceTree = "<group>"; };
		BC4017B51CBCF00D007332F4 /* Assets.xcassets */ = {isa = PBXFileReference; lastKnownFileType = folder.assetcatalog; path = Assets.xcassets; sourceTree = "<group>"; };
		BC4017B81CBCF00D007332F4 /* Base */ = {isa = PBXFileReference; lastKnownFileType = file.storyboard; name = Base; path = Base.lproj/LaunchScreen.storyboard; sourceTree = "<group>"; };
		BC4017BA1CBCF00D007332F4 /* Info.plist */ = {isa = PBXFileReference; lastKnownFileType = text.plist.xml; path = Info.plist; sourceTree = "<group>"; };
		BC6BC64B1CC4AC6E00D49D4F /* ExampleTableViewCell.swift */ = {isa = PBXFileReference; fileEncoding = 4; lastKnownFileType = sourcecode.swift; path = ExampleTableViewCell.swift; sourceTree = "<group>"; };
		BC6BC64D1CC4B0C100D49D4F /* ExampleTableViewController.swift */ = {isa = PBXFileReference; fileEncoding = 4; lastKnownFileType = sourcecode.swift; path = ExampleTableViewController.swift; sourceTree = "<group>"; };
		BC6EACB91FA86FFD001A5B11 /* IndoorOutdoorViewController.swift */ = {isa = PBXFileReference; lastKnownFileType = sourcecode.swift; name = IndoorOutdoorViewController.swift; path = Examples/IndoorOutdoorViewController.swift; sourceTree = "<group>"; };
		BC98A9C71CBCF10F0096B50C /* AppleMapsOverlayViewController.swift */ = {isa = PBXFileReference; fileEncoding = 4; lastKnownFileType = sourcecode.swift; name = AppleMapsOverlayViewController.swift; path = Examples/AppleMapsOverlayViewController.swift; sourceTree = "<group>"; };
		BC98A9C91CBCF1210096B50C /* AppleMapsViewController.swift */ = {isa = PBXFileReference; fileEncoding = 4; lastKnownFileType = sourcecode.swift; name = AppleMapsViewController.swift; path = Examples/AppleMapsViewController.swift; sourceTree = "<group>"; };
		BC98A9CB1CBCF12F0096B50C /* ConsoleViewController.swift */ = {isa = PBXFileReference; fileEncoding = 4; lastKnownFileType = sourcecode.swift; name = ConsoleViewController.swift; path = Examples/ConsoleViewController.swift; sourceTree = "<group>"; };
		BC98A9CD1CBCF13D0096B50C /* ImageViewController.swift */ = {isa = PBXFileReference; fileEncoding = 4; lastKnownFileType = sourcecode.swift; name = ImageViewController.swift; path = Examples/ImageViewController.swift; sourceTree = "<group>"; };
		BC98A9CF1CBCF20B0096B50C /* ApiKeys.swift */ = {isa = PBXFileReference; fileEncoding = 4; lastKnownFileType = sourcecode.swift; path = ApiKeys.swift; sourceTree = "<group>"; };
/* End PBXFileReference section */

/* Begin PBXFrameworksBuildPhase section */
		BC4017A81CBCF00D007332F4 /* Frameworks */ = {
			isa = PBXFrameworksBuildPhase;
			buildActionMask = 2147483647;
			files = (
				29C63965501CBD4771C78781 /* Pods_ios_sdk_swift_examples.framework in Frameworks */,
			);
			runOnlyForDeploymentPostprocessing = 0;
		};
/* End PBXFrameworksBuildPhase section */

/* Begin PBXGroup section */
		9AF13BDCF5540B6DE6665DA4 /* Pods */ = {
			isa = PBXGroup;
			children = (
				37D70F96E9627BD7CA6C0887 /* Pods-ios-sdk-swift-examples.debug.xcconfig */,
				3D87ADC8456ADF0CD3DD2634 /* Pods-ios-sdk-swift-examples.release.xcconfig */,
			);
			name = Pods;
			sourceTree = "<group>";
		};
		AD74FCD41A45234E0AC0CD71 /* Frameworks */ = {
			isa = PBXGroup;
			children = (
				51BEBAA7CF12D82EF91D31DC /* Pods_ios_sdk_swift_examples.framework */,
			);
			name = Frameworks;
			sourceTree = "<group>";
		};
		BC4017A21CBCF00D007332F4 = {
			isa = PBXGroup;
			children = (
				BC4017AD1CBCF00D007332F4 /* ios-sdk-swift-examples */,
				BC4017AC1CBCF00D007332F4 /* Products */,
				9AF13BDCF5540B6DE6665DA4 /* Pods */,
				AD74FCD41A45234E0AC0CD71 /* Frameworks */,
			);
			sourceTree = "<group>";
		};
		BC4017AC1CBCF00D007332F4 /* Products */ = {
			isa = PBXGroup;
			children = (
				BC4017AB1CBCF00D007332F4 /* swift-examples.app */,
			);
			name = Products;
			sourceTree = "<group>";
		};
		BC4017AD1CBCF00D007332F4 /* ios-sdk-swift-examples */ = {
			isa = PBXGroup;
			children = (
				BC4017C01CBCF016007332F4 /* Examples */,
				BC4017AE1CBCF00D007332F4 /* AppDelegate.swift */,
				BC98A9CF1CBCF20B0096B50C /* ApiKeys.swift */,
				BC6BC64B1CC4AC6E00D49D4F /* ExampleTableViewCell.swift */,
				BC4017B21CBCF00D007332F4 /* Main.storyboard */,
				BC6BC64D1CC4B0C100D49D4F /* ExampleTableViewController.swift */,
				BC4017B51CBCF00D007332F4 /* Assets.xcassets */,
				BC4017B71CBCF00D007332F4 /* LaunchScreen.storyboard */,
				BC4017BA1CBCF00D007332F4 /* Info.plist */,
			);
			path = "ios-sdk-swift-examples";
			sourceTree = "<group>";
		};
		BC4017C01CBCF016007332F4 /* Examples */ = {
			isa = PBXGroup;
			children = (
				BC98A9C71CBCF10F0096B50C /* AppleMapsOverlayViewController.swift */,
				BC6EACB91FA86FFD001A5B11 /* IndoorOutdoorViewController.swift */,
				BC98A9C91CBCF1210096B50C /* AppleMapsViewController.swift */,
				BC98A9CB1CBCF12F0096B50C /* ConsoleViewController.swift */,
				BC98A9CD1CBCF13D0096B50C /* ImageViewController.swift */,
			);
			name = Examples;
			sourceTree = "<group>";
		};
/* End PBXGroup section */

/* Begin PBXNativeTarget section */
		BC4017AA1CBCF00D007332F4 /* ios-sdk-swift-examples */ = {
			isa = PBXNativeTarget;
			buildConfigurationList = BC4017BD1CBCF00D007332F4 /* Build configuration list for PBXNativeTarget "ios-sdk-swift-examples" */;
			buildPhases = (
				B3F62799147A638622EA9FEC /* [CP] Check Pods Manifest.lock */,
				BC4017A71CBCF00D007332F4 /* Sources */,
				BC4017A81CBCF00D007332F4 /* Frameworks */,
				BC4017A91CBCF00D007332F4 /* Resources */,
				3EAD004314E36ACD0608D4D4 /* [CP] Embed Pods Frameworks */,
				AB0339112EA527CA7BAF6ACD /* [CP] Copy Pods Resources */,
			);
			buildRules = (
			);
			dependencies = (
			);
			name = "ios-sdk-swift-examples";
			productName = "ios-sdk-swift-examples";
			productReference = BC4017AB1CBCF00D007332F4 /* swift-examples.app */;
			productType = "com.apple.product-type.application";
		};
/* End PBXNativeTarget section */

/* Begin PBXProject section */
		BC4017A31CBCF00D007332F4 /* Project object */ = {
			isa = PBXProject;
			attributes = {
				LastSwiftUpdateCheck = 0730;
				LastUpgradeCheck = 0820;
				ORGANIZATIONNAME = IndoorAtlas;
				TargetAttributes = {
					BC4017AA1CBCF00D007332F4 = {
						CreatedOnToolsVersion = 7.3;
						LastSwiftMigration = 0820;
					};
				};
			};
			buildConfigurationList = BC4017A61CBCF00D007332F4 /* Build configuration list for PBXProject "ios-sdk-swift-examples" */;
			compatibilityVersion = "Xcode 3.2";
			developmentRegion = English;
			hasScannedForEncodings = 0;
			knownRegions = (
				en,
				Base,
			);
			mainGroup = BC4017A21CBCF00D007332F4;
			productRefGroup = BC4017AC1CBCF00D007332F4 /* Products */;
			projectDirPath = "";
			projectRoot = "";
			targets = (
				BC4017AA1CBCF00D007332F4 /* ios-sdk-swift-examples */,
			);
		};
/* End PBXProject section */

/* Begin PBXResourcesBuildPhase section */
		BC4017A91CBCF00D007332F4 /* Resources */ = {
			isa = PBXResourcesBuildPhase;
			buildActionMask = 2147483647;
			files = (
				BC4017B91CBCF00D007332F4 /* LaunchScreen.storyboard in Resources */,
				BC4017B61CBCF00D007332F4 /* Assets.xcassets in Resources */,
				BC4017B41CBCF00D007332F4 /* Main.storyboard in Resources */,
			);
			runOnlyForDeploymentPostprocessing = 0;
		};
/* End PBXResourcesBuildPhase section */

/* Begin PBXShellScriptBuildPhase section */
		3EAD004314E36ACD0608D4D4 /* [CP] Embed Pods Frameworks */ = {
			isa = PBXShellScriptBuildPhase;
			buildActionMask = 2147483647;
			files = (
			);
			inputPaths = (
			);
			name = "[CP] Embed Pods Frameworks";
			outputPaths = (
			);
			runOnlyForDeploymentPostprocessing = 0;
			shellPath = /bin/sh;
			shellScript = "\"${SRCROOT}/Pods/Target Support Files/Pods-ios-sdk-swift-examples/Pods-ios-sdk-swift-examples-frameworks.sh\"\n";
			showEnvVarsInLog = 0;
		};
		AB0339112EA527CA7BAF6ACD /* [CP] Copy Pods Resources */ = {
			isa = PBXShellScriptBuildPhase;
			buildActionMask = 2147483647;
			files = (
			);
			inputPaths = (
			);
			name = "[CP] Copy Pods Resources";
			outputPaths = (
			);
			runOnlyForDeploymentPostprocessing = 0;
			shellPath = /bin/sh;
			shellScript = "\"${SRCROOT}/Pods/Target Support Files/Pods-ios-sdk-swift-examples/Pods-ios-sdk-swift-examples-resources.sh\"\n";
			showEnvVarsInLog = 0;
		};
		B3F62799147A638622EA9FEC /* [CP] Check Pods Manifest.lock */ = {
			isa = PBXShellScriptBuildPhase;
			buildActionMask = 2147483647;
			files = (
			);
			inputPaths = (
			);
			name = "[CP] Check Pods Manifest.lock";
			outputPaths = (
			);
			runOnlyForDeploymentPostprocessing = 0;
			shellPath = /bin/sh;
			shellScript = "diff \"${PODS_ROOT}/../Podfile.lock\" \"${PODS_ROOT}/Manifest.lock\" > /dev/null\nif [ $? != 0 ] ; then\n    # print error to STDERR\n    echo \"error: The sandbox is not in sync with the Podfile.lock. Run 'pod install' or update your CocoaPods installation.\" >&2\n    exit 1\nfi\n";
			showEnvVarsInLog = 0;
		};
/* End PBXShellScriptBuildPhase section */

/* Begin PBXSourcesBuildPhase section */
		BC4017A71CBCF00D007332F4 /* Sources */ = {
			isa = PBXSourcesBuildPhase;
			buildActionMask = 2147483647;
			files = (
				BC98A9D01CBCF20B0096B50C /* ApiKeys.swift in Sources */,
				BC6EACBA1FA86FFD001A5B11 /* IndoorOutdoorViewController.swift in Sources */,
				BC4017AF1CBCF00D007332F4 /* AppDelegate.swift in Sources */,
				BC98A9CA1CBCF1210096B50C /* AppleMapsViewController.swift in Sources */,
				BC6BC64C1CC4AC6E00D49D4F /* ExampleTableViewCell.swift in Sources */,
				BC98A9CC1CBCF12F0096B50C /* ConsoleViewController.swift in Sources */,
				BC6BC64E1CC4B0C100D49D4F /* ExampleTableViewController.swift in Sources */,
				BC98A9CE1CBCF13D0096B50C /* ImageViewController.swift in Sources */,
				BC98A9C81CBCF10F0096B50C /* AppleMapsOverlayViewController.swift in Sources */,
			);
			runOnlyForDeploymentPostprocessing = 0;
		};
/* End PBXSourcesBuildPhase section */

/* Begin PBXVariantGroup section */
		BC4017B21CBCF00D007332F4 /* Main.storyboard */ = {
			isa = PBXVariantGroup;
			children = (
				BC4017B31CBCF00D007332F4 /* Base */,
			);
			name = Main.storyboard;
			sourceTree = "<group>";
		};
		BC4017B71CBCF00D007332F4 /* LaunchScreen.storyboard */ = {
			isa = PBXVariantGroup;
			children = (
				BC4017B81CBCF00D007332F4 /* Base */,
			);
			name = LaunchScreen.storyboard;
			sourceTree = "<group>";
		};
/* End PBXVariantGroup section */

/* Begin XCBuildConfiguration section */
		BC4017BB1CBCF00D007332F4 /* Debug */ = {
			isa = XCBuildConfiguration;
			buildSettings = {
				ALWAYS_SEARCH_USER_PATHS = NO;
				CLANG_ANALYZER_NONNULL = YES;
				CLANG_CXX_LANGUAGE_STANDARD = "gnu++0x";
				CLANG_CXX_LIBRARY = "libc++";
				CLANG_ENABLE_MODULES = YES;
				CLANG_ENABLE_OBJC_ARC = YES;
				CLANG_WARN_BOOL_CONVERSION = YES;
				CLANG_WARN_CONSTANT_CONVERSION = YES;
				CLANG_WARN_DIRECT_OBJC_ISA_USAGE = YES_ERROR;
				CLANG_WARN_EMPTY_BODY = YES;
				CLANG_WARN_ENUM_CONVERSION = YES;
				CLANG_WARN_INFINITE_RECURSION = YES;
				CLANG_WARN_INT_CONVERSION = YES;
				CLANG_WARN_OBJC_ROOT_CLASS = YES_ERROR;
				CLANG_WARN_SUSPICIOUS_MOVE = YES;
				CLANG_WARN_UNREACHABLE_CODE = YES;
				CLANG_WARN__DUPLICATE_METHOD_MATCH = YES;
				"CODE_SIGN_IDENTITY[sdk=iphoneos*]" = "iPhone Developer";
				COPY_PHASE_STRIP = NO;
				DEBUG_INFORMATION_FORMAT = dwarf;
				ENABLE_STRICT_OBJC_MSGSEND = YES;
				ENABLE_TESTABILITY = YES;
				GCC_C_LANGUAGE_STANDARD = gnu99;
				GCC_DYNAMIC_NO_PIC = NO;
				GCC_NO_COMMON_BLOCKS = YES;
				GCC_OPTIMIZATION_LEVEL = 0;
				GCC_PREPROCESSOR_DEFINITIONS = (
					"DEBUG=1",
					"$(inherited)",
				);
				GCC_WARN_64_TO_32_BIT_CONVERSION = YES;
				GCC_WARN_ABOUT_RETURN_TYPE = YES_ERROR;
				GCC_WARN_UNDECLARED_SELECTOR = YES;
				GCC_WARN_UNINITIALIZED_AUTOS = YES_AGGRESSIVE;
				GCC_WARN_UNUSED_FUNCTION = YES;
				GCC_WARN_UNUSED_VARIABLE = YES;
				IPHONEOS_DEPLOYMENT_TARGET = 9.3;
				MTL_ENABLE_DEBUG_INFO = YES;
				ONLY_ACTIVE_ARCH = YES;
				SDKROOT = iphoneos;
				SWIFT_OPTIMIZATION_LEVEL = "-Onone";
				TARGETED_DEVICE_FAMILY = "1,2";
			};
			name = Debug;
		};
		BC4017BC1CBCF00D007332F4 /* Release */ = {
			isa = XCBuildConfiguration;
			buildSettings = {
				ALWAYS_SEARCH_USER_PATHS = NO;
				CLANG_ANALYZER_NONNULL = YES;
				CLANG_CXX_LANGUAGE_STANDARD = "gnu++0x";
				CLANG_CXX_LIBRARY = "libc++";
				CLANG_ENABLE_MODULES = YES;
				CLANG_ENABLE_OBJC_ARC = YES;
				CLANG_WARN_BOOL_CONVERSION = YES;
				CLANG_WARN_CONSTANT_CONVERSION = YES;
				CLANG_WARN_DIRECT_OBJC_ISA_USAGE = YES_ERROR;
				CLANG_WARN_EMPTY_BODY = YES;
				CLANG_WARN_ENUM_CONVERSION = YES;
				CLANG_WARN_INFINITE_RECURSION = YES;
				CLANG_WARN_INT_CONVERSION = YES;
				CLANG_WARN_OBJC_ROOT_CLASS = YES_ERROR;
				CLANG_WARN_SUSPICIOUS_MOVE = YES;
				CLANG_WARN_UNREACHABLE_CODE = YES;
				CLANG_WARN__DUPLICATE_METHOD_MATCH = YES;
				"CODE_SIGN_IDENTITY[sdk=iphoneos*]" = "iPhone Developer";
				COPY_PHASE_STRIP = NO;
				DEBUG_INFORMATION_FORMAT = "dwarf-with-dsym";
				ENABLE_NS_ASSERTIONS = NO;
				ENABLE_STRICT_OBJC_MSGSEND = YES;
				GCC_C_LANGUAGE_STANDARD = gnu99;
				GCC_NO_COMMON_BLOCKS = YES;
				GCC_WARN_64_TO_32_BIT_CONVERSION = YES;
				GCC_WARN_ABOUT_RETURN_TYPE = YES_ERROR;
				GCC_WARN_UNDECLARED_SELECTOR = YES;
				GCC_WARN_UNINITIALIZED_AUTOS = YES_AGGRESSIVE;
				GCC_WARN_UNUSED_FUNCTION = YES;
				GCC_WARN_UNUSED_VARIABLE = YES;
				IPHONEOS_DEPLOYMENT_TARGET = 9.3;
				MTL_ENABLE_DEBUG_INFO = NO;
				SDKROOT = iphoneos;
				SWIFT_OPTIMIZATION_LEVEL = "-Owholemodule";
				TARGETED_DEVICE_FAMILY = "1,2";
				VALIDATE_PRODUCT = YES;
			};
			name = Release;
		};
		BC4017BE1CBCF00D007332F4 /* Debug */ = {
			isa = XCBuildConfiguration;
			baseConfigurationReference = 37D70F96E9627BD7CA6C0887 /* Pods-ios-sdk-swift-examples.debug.xcconfig */;
			buildSettings = {
				ASSETCATALOG_COMPILER_APPICON_NAME = AppIcon;
				CODE_SIGN_IDENTITY = "iPhone Developer";
				"CODE_SIGN_IDENTITY[sdk=iphoneos*]" = "iPhone Developer";
				DEVELOPMENT_TEAM = "";
				ENABLE_BITCODE = NO;
				INFOPLIST_FILE = "ios-sdk-swift-examples/Info.plist";
				LD_RUNPATH_SEARCH_PATHS = "$(inherited) @executable_path/Frameworks";
				PRODUCT_BUNDLE_IDENTIFIER = "com.indooratlas.ios-sdk-swift-examples";
				PRODUCT_NAME = "swift-examples";
				PROVISIONING_PROFILE = "";
				SWIFT_VERSION = 3.0;
			};
			name = Debug;
		};
		BC4017BF1CBCF00D007332F4 /* Release */ = {
			isa = XCBuildConfiguration;
			baseConfigurationReference = 3D87ADC8456ADF0CD3DD2634 /* Pods-ios-sdk-swift-examples.release.xcconfig */;
			buildSettings = {
				ASSETCATALOG_COMPILER_APPICON_NAME = AppIcon;
				CODE_SIGN_IDENTITY = "iPhone Developer";
				"CODE_SIGN_IDENTITY[sdk=iphoneos*]" = "iPhone Developer";
				DEVELOPMENT_TEAM = "";
				ENABLE_BITCODE = NO;
				INFOPLIST_FILE = "ios-sdk-swift-examples/Info.plist";
				LD_RUNPATH_SEARCH_PATHS = "$(inherited) @executable_path/Frameworks";
				PRODUCT_BUNDLE_IDENTIFIER = "com.indooratlas.ios-sdk-swift-examples";
				PRODUCT_NAME = "swift-examples";
				PROVISIONING_PROFILE = "";
				SWIFT_VERSION = 3.0;
			};
			name = Release;
		};
/* End XCBuildConfiguration section */

/* Begin XCConfigurationList section */
		BC4017A61CBCF00D007332F4 /* Build configuration list for PBXProject "ios-sdk-swift-examples" */ = {
			isa = XCConfigurationList;
			buildConfigurations = (
				BC4017BB1CBCF00D007332F4 /* Debug */,
				BC4017BC1CBCF00D007332F4 /* Release */,
			);
			defaultConfigurationIsVisible = 0;
			defaultConfigurationName = Release;
		};
		BC4017BD1CBCF00D007332F4 /* Build configuration list for PBXNativeTarget "ios-sdk-swift-examples" */ = {
			isa = XCConfigurationList;
			buildConfigurations = (
				BC4017BE1CBCF00D007332F4 /* Debug */,
				BC4017BF1CBCF00D007332F4 /* Release */,
			);
			defaultConfigurationIsVisible = 0;
			defaultConfigurationName = Release;
		};
/* End XCConfigurationList section */
	};
	rootObject = BC4017A31CBCF00D007332F4 /* Project object */;
}
